
Microsoft Visual Studio Solution File, Format Version 12.00
# Visual Studio Version 17
VisualStudioVersion = 17.3.32825.248
MinimumVisualStudioVersion = 10.0.40219.1
Project("{9A19103F-16F7-4668-BE54-9A1E7A4F7556}") = "SkiShop", "SkiShop\SkiShop.csproj", "{85132C49-3D23-46CB-B966-977EAF147F63}"
EndProject
Project("{9A19103F-16F7-4668-BE54-9A1E7A4F7556}") = "SkiShop.Data", "SkiShop.Data\SkiShop.Data.csproj", "{1F4732CB-7E16-4967-8BDC-3D21A551B7DA}"
EndProject
Project("{9A19103F-16F7-4668-BE54-9A1E7A4F7556}") = "SkiShop.Core", "SkiShop.Core\SkiShop.Core.csproj", "{498226AB-0C48-4AAA-9FFE-0EE17FDAD7D7}"
EndProject
Global
	GlobalSection(SolutionConfigurationPlatforms) = preSolution
		Debug|Any CPU = Debug|Any CPU
		Release|Any CPU = Release|Any CPU
	EndGlobalSection
	GlobalSection(ProjectConfigurationPlatforms) = postSolution
		{85132C49-3D23-46CB-B966-977EAF147F63}.Debug|Any CPU.ActiveCfg = Debug|Any CPU
		{85132C49-3D23-46CB-B966-977EAF147F63}.Debug|Any CPU.Build.0 = Debug|Any CPU
		{85132C49-3D23-46CB-B966-977EAF147F63}.Release|Any CPU.ActiveCfg = Release|Any CPU
		{85132C49-3D23-46CB-B966-977EAF147F63}.Release|Any CPU.Build.0 = Release|Any CPU
		{1F4732CB-7E16-4967-8BDC-3D21A551B7DA}.Debug|Any CPU.ActiveCfg = Debug|Any CPU
		{1F4732CB-7E16-4967-8BDC-3D21A551B7DA}.Debug|Any CPU.Build.0 = Debug|Any CPU
		{1F4732CB-7E16-4967-8BDC-3D21A551B7DA}.Release|Any CPU.ActiveCfg = Release|Any CPU
		{1F4732CB-7E16-4967-8BDC-3D21A551B7DA}.Release|Any CPU.Build.0 = Release|Any CPU
		{498226AB-0C48-4AAA-9FFE-0EE17FDAD7D7}.Debug|Any CPU.ActiveCfg = Debug|Any CPU
		{498226AB-0C48-4AAA-9FFE-0EE17FDAD7D7}.Debug|Any CPU.Build.0 = Debug|Any CPU
		{498226AB-0C48-4AAA-9FFE-0EE17FDAD7D7}.Release|Any CPU.ActiveCfg = Release|Any CPU
		{498226AB-0C48-4AAA-9FFE-0EE17FDAD7D7}.Release|Any CPU.Build.0 = Release|Any CPU
	EndGlobalSection
	GlobalSection(SolutionProperties) = preSolution
		HideSolutionNode = FALSE
	EndGlobalSection
	GlobalSection(ExtensibilityGlobals) = postSolution
		SolutionGuid = {B8ED2165-D9C6-48C6-9F5E-4A96BFBD5489}
	EndGlobalSection
EndGlobal
